// !$*UTF8*$!
{
	archiveVersion = 1;
	classes = {
	};
	objectVersion = 55;
	objects = {

/* Begin PBXBuildFile section */
		BA6FEB26290813CB00B0F06E /* AppDelegate.swift in Sources */ = {isa = PBXBuildFile; fileRef = BA6FEB25290813CB00B0F06E /* AppDelegate.swift */; };
		BA6FEB28290813CB00B0F06E /* SceneDelegate.swift in Sources */ = {isa = PBXBuildFile; fileRef = BA6FEB27290813CB00B0F06E /* SceneDelegate.swift */; };
		BA6FEB2A290813CB00B0F06E /* ViewController.swift in Sources */ = {isa = PBXBuildFile; fileRef = BA6FEB29290813CB00B0F06E /* ViewController.swift */; };
		BA6FEB2D290813CB00B0F06E /* Main.storyboard in Resources */ = {isa = PBXBuildFile; fileRef = BA6FEB2B290813CB00B0F06E /* Main.storyboard */; };
		BA6FEB30290813CC00B0F06E /* instaClone.xcdatamodeld in Sources */ = {isa = PBXBuildFile; fileRef = BA6FEB2E290813CC00B0F06E /* instaClone.xcdatamodeld */; };
		BA6FEB32290813CE00B0F06E /* Assets.xcassets in Resources */ = {isa = PBXBuildFile; fileRef = BA6FEB31290813CE00B0F06E /* Assets.xcassets */; };
		BA6FEB35290813CE00B0F06E /* LaunchScreen.storyboard in Resources */ = {isa = PBXBuildFile; fileRef = BA6FEB33290813CE00B0F06E /* LaunchScreen.storyboard */; };
		BA6FEB3D2908140F00B0F06E /* GoogleService-Info.plist in Resources */ = {isa = PBXBuildFile; fileRef = BA6FEB3C2908140F00B0F06E /* GoogleService-Info.plist */; };
		BA6FEB402908152400B0F06E /* FirebaseAnalytics in Frameworks */ = {isa = PBXBuildFile; productRef = BA6FEB3F2908152400B0F06E /* FirebaseAnalytics */; };
		BA6FEB422908152400B0F06E /* FirebaseAuth in Frameworks */ = {isa = PBXBuildFile; productRef = BA6FEB412908152400B0F06E /* FirebaseAuth */; };
		BA6FEB442908152400B0F06E /* FirebaseFirestore in Frameworks */ = {isa = PBXBuildFile; productRef = BA6FEB432908152400B0F06E /* FirebaseFirestore */; };
		BA6FEB462908152400B0F06E /* FirebaseStorage in Frameworks */ = {isa = PBXBuildFile; productRef = BA6FEB452908152400B0F06E /* FirebaseStorage */; };
/* End PBXBuildFile section */

/* Begin PBXFileReference section */
		BA6FEB22290813CB00B0F06E /* instaClone.app */ = {isa = PBXFileReference; explicitFileType = wrapper.application; includeInIndex = 0; path = instaClone.app; sourceTree = BUILT_PRODUCTS_DIR; };
		BA6FEB25290813CB00B0F06E /* AppDelegate.swift */ = {isa = PBXFileReference; lastKnownFileType = sourcecode.swift; path = AppDelegate.swift; sourceTree = "<group>"; };
		BA6FEB27290813CB00B0F06E /* SceneDelegate.swift */ = {isa = PBXFileReference; lastKnownFileType = sourcecode.swift; path = SceneDelegate.swift; sourceTree = "<group>"; };
		BA6FEB29290813CB00B0F06E /* ViewController.swift */ = {isa = PBXFileReference; lastKnownFileType = sourcecode.swift; path = ViewController.swift; sourceTree = "<group>"; };
		BA6FEB2C290813CB00B0F06E /* Base */ = {isa = PBXFileReference; lastKnownFileType = file.storyboard; name = Base; path = Base.lproj/Main.storyboard; sourceTree = "<group>"; };
		BA6FEB2F290813CC00B0F06E /* instaClone.xcdatamodel */ = {isa = PBXFileReference; lastKnownFileType = wrapper.xcdatamodel; path = instaClone.xcdatamodel; sourceTree = "<group>"; };
		BA6FEB31290813CE00B0F06E /* Assets.xcassets */ = {isa = PBXFileReference; lastKnownFileType = folder.assetcatalog; path = Assets.xcassets; sourceTree = "<group>"; };
		BA6FEB34290813CE00B0F06E /* Base */ = {isa = PBXFileReference; lastKnownFileType = file.storyboard; name = Base; path = Base.lproj/LaunchScreen.storyboard; sourceTree = "<group>"; };
		BA6FEB36290813CE00B0F06E /* Info.plist */ = {isa = PBXFileReference; lastKnownFileType = text.plist.xml; path = Info.plist; sourceTree = "<group>"; };
		BA6FEB3C2908140F00B0F06E /* GoogleService-Info.plist */ = {isa = PBXFileReference; fileEncoding = 4; lastKnownFileType = text.plist.xml; name = "GoogleService-Info.plist"; path = "../../../Downloads/GoogleService-Info.plist"; sourceTree = "<group>"; };
/* End PBXFileReference section */

/* Begin PBXFrameworksBuildPhase section */
		BA6FEB1F290813CB00B0F06E /* Frameworks */ = {
			isa = PBXFrameworksBuildPhase;
			buildActionMask = 2147483647;
			files = (
				BA6FEB402908152400B0F06E /* FirebaseAnalytics in Frameworks */,
				BA6FEB462908152400B0F06E /* FirebaseStorage in Frameworks */,
				BA6FEB422908152400B0F06E /* FirebaseAuth in Frameworks */,
				BA6FEB442908152400B0F06E /* FirebaseFirestore in Frameworks */,
			);
			runOnlyForDeploymentPostprocessing = 0;
		};
/* End PBXFrameworksBuildPhase section */

/* Begin PBXGroup section */
		BA6FEB19290813CB00B0F06E = {
			isa = PBXGroup;
			children = (
				BA6FEB24290813CB00B0F06E /* instaClone */,
				BA6FEB23290813CB00B0F06E /* Products */,
			);
			sourceTree = "<group>";
		};
		BA6FEB23290813CB00B0F06E /* Products */ = {
			isa = PBXGroup;
			children = (
				BA6FEB22290813CB00B0F06E /* instaClone.app */,
			);
			name = Products;
			sourceTree = "<group>";
		};
		BA6FEB24290813CB00B0F06E /* instaClone */ = {
			isa = PBXGroup;
			children = (
				BA6FEB25290813CB00B0F06E /* AppDelegate.swift */,
				BA6FEB27290813CB00B0F06E /* SceneDelegate.swift */,
				BA6FEB29290813CB00B0F06E /* ViewController.swift */,
				BA6FEB2B290813CB00B0F06E /* Main.storyboard */,
				BA6FEB31290813CE00B0F06E /* Assets.xcassets */,
				BA6FEB33290813CE00B0F06E /* LaunchScreen.storyboard */,
				BA6FEB36290813CE00B0F06E /* Info.plist */,
				BA6FEB2E290813CC00B0F06E /* instaClone.xcdatamodeld */,
				BA6FEB3C2908140F00B0F06E /* GoogleService-Info.plist */,
			);
			path = instaClone;
			sourceTree = "<group>";
		};
/* End PBXGroup section */

/* Begin PBXNativeTarget section */
		BA6FEB21290813CB00B0F06E /* instaClone */ = {
			isa = PBXNativeTarget;
			buildConfigurationList = BA6FEB39290813CE00B0F06E /* Build configuration list for PBXNativeTarget "instaClone" */;
			buildPhases = (
				BA6FEB1E290813CB00B0F06E /* Sources */,
				BA6FEB1F290813CB00B0F06E /* Frameworks */,
				BA6FEB20290813CB00B0F06E /* Resources */,
			);
			buildRules = (
			);
			dependencies = (
			);
			name = instaClone;
			packageProductDependencies = (
				BA6FEB3F2908152400B0F06E /* FirebaseAnalytics */,
				BA6FEB412908152400B0F06E /* FirebaseAuth */,
				BA6FEB432908152400B0F06E /* FirebaseFirestore */,
				BA6FEB452908152400B0F06E /* FirebaseStorage */,
			);
			productName = instaClone;
			productReference = BA6FEB22290813CB00B0F06E /* instaClone.app */;
			productType = "com.apple.product-type.application";
		};
/* End PBXNativeTarget section */

/* Begin PBXProject section */
		BA6FEB1A290813CB00B0F06E /* Project object */ = {
			isa = PBXProject;
			attributes = {
				BuildIndependentTargetsInParallel = 1;
				LastSwiftUpdateCheck = 1340;
				LastUpgradeCheck = 1340;
				TargetAttributes = {
					BA6FEB21290813CB00B0F06E = {
						CreatedOnToolsVersion = 13.4.1;
					};
				};
			};
			buildConfigurationList = BA6FEB1D290813CB00B0F06E /* Build configuration list for PBXProject "instaClone" */;
			compatibilityVersion = "Xcode 13.0";
			developmentRegion = en;
			hasScannedForEncodings = 0;
			knownRegions = (
				en,
				Base,
			);
			mainGroup = BA6FEB19290813CB00B0F06E;
			packageReferences = (
				BA6FEB3E2908152400B0F06E /* XCRemoteSwiftPackageReference "firebase-ios-sdk" */,
			);
			productRefGroup = BA6FEB23290813CB00B0F06E /* Products */;
			projectDirPath = "";
			projectRoot = "";
			targets = (
				BA6FEB21290813CB00B0F06E /* instaClone */,
			);
		};
/* End PBXProject section */

/* Begin PBXResourcesBuildPhase section */
		BA6FEB20290813CB00B0F06E /* Resources */ = {
			isa = PBXResourcesBuildPhase;
			buildActionMask = 2147483647;
			files = (
				BA6FEB35290813CE00B0F06E /* LaunchScreen.storyboard in Resources */,
				BA6FEB3D2908140F00B0F06E /* GoogleService-Info.plist in Resources */,
				BA6FEB32290813CE00B0F06E /* Assets.xcassets in Resources */,
				BA6FEB2D290813CB00B0F06E /* Main.storyboard in Resources */,
			);
			runOnlyForDeploymentPostprocessing = 0;
		};
/* End PBXResourcesBuildPhase section */

/* Begin PBXSourcesBuildPhase section */
		BA6FEB1E290813CB00B0F06E /* Sources */ = {
			isa = PBXSourcesBuildPhase;
			buildActionMask = 2147483647;
			files = (
				BA6FEB2A290813CB00B0F06E /* ViewController.swift in Sources */,
				BA6FEB26290813CB00B0F06E /* AppDelegate.swift in Sources */,
				BA6FEB28290813CB00B0F06E /* SceneDelegate.swift in Sources */,
				BA6FEB30290813CC00B0F06E /* instaClone.xcdatamodeld in Sources */,
			);
			runOnlyForDeploymentPostprocessing = 0;
		};
/* End PBXSourcesBuildPhase section */

/* Begin PBXVariantGroup section */
		BA6FEB2B290813CB00B0F06E /* Main.storyboard */ = {
			isa = PBXVariantGroup;
			children = (
				BA6FEB2C290813CB00B0F06E /* Base */,
			);
			name = Main.storyboard;
			sourceTree = "<group>";
		};
		BA6FEB33290813CE00B0F06E /* LaunchScreen.storyboard */ = {
			isa = PBXVariantGroup;
			children = (
				BA6FEB34290813CE00B0F06E /* Base */,
			);
			name = LaunchScreen.storyboard;
			sourceTree = "<group>";
		};
/* End PBXVariantGroup section */

/* Begin XCBuildConfiguration section */
		BA6FEB37290813CE00B0F06E /* Debug */ = {
			isa = XCBuildConfiguration;
			buildSettings = {
				ALWAYS_SEARCH_USER_PATHS = NO;
				CLANG_ANALYZER_NONNULL = YES;
				CLANG_ANALYZER_NUMBER_OBJECT_CONVERSION = YES_AGGRESSIVE;
				CLANG_CXX_LANGUAGE_STANDARD = "gnu++17";
				CLANG_ENABLE_MODULES = YES;
				CLANG_ENABLE_OBJC_ARC = YES;
				CLANG_ENABLE_OBJC_WEAK = YES;
				CLANG_WARN_BLOCK_CAPTURE_AUTORELEASING = YES;
				CLANG_WARN_BOOL_CONVERSION = YES;
				CLANG_WARN_COMMA = YES;
				CLANG_WARN_CONSTANT_CONVERSION = YES;
				CLANG_WARN_DEPRECATED_OBJC_IMPLEMENTATIONS = YES;
				CLANG_WARN_DIRECT_OBJC_ISA_USAGE = YES_ERROR;
				CLANG_WARN_DOCUMENTATION_COMMENTS = YES;
				CLANG_WARN_EMPTY_BODY = YES;
				CLANG_WARN_ENUM_CONVERSION = YES;
				CLANG_WARN_INFINITE_RECURSION = YES;
				CLANG_WARN_INT_CONVERSION = YES;
				CLANG_WARN_NON_LITERAL_NULL_CONVERSION = YES;
				CLANG_WARN_OBJC_IMPLICIT_RETAIN_SELF = YES;
				CLANG_WARN_OBJC_LITERAL_CONVERSION = YES;
				CLANG_WARN_OBJC_ROOT_CLASS = YES_ERROR;
				CLANG_WARN_QUOTED_INCLUDE_IN_FRAMEWORK_HEADER = YES;
				CLANG_WARN_RANGE_LOOP_ANALYSIS = YES;
				CLANG_WARN_STRICT_PROTOTYPES = YES;
				CLANG_WARN_SUSPICIOUS_MOVE = YES;
				CLANG_WARN_UNGUARDED_AVAILABILITY = YES_AGGRESSIVE;
				CLANG_WARN_UNREACHABLE_CODE = YES;
				CLANG_WARN__DUPLICATE_METHOD_MATCH = YES;
				COPY_PHASE_STRIP = NO;
				DEBUG_INFORMATION_FORMAT = dwarf;
				ENABLE_STRICT_OBJC_MSGSEND = YES;
				ENABLE_TESTABILITY = YES;
				GCC_C_LANGUAGE_STANDARD = gnu11;
				GCC_DYNAMIC_NO_PIC = NO;
				GCC_NO_COMMON_BLOCKS = YES;
				GCC_OPTIMIZATION_LEVEL = 0;
				GCC_PREPROCESSOR_DEFINITIONS = (
					"DEBUG=1",
					"$(inherited)",
				);
				GCC_WARN_64_TO_32_BIT_CONVERSION = YES;
				GCC_WARN_ABOUT_RETURN_TYPE = YES_ERROR;
				GCC_WARN_UNDECLARED_SELECTOR = YES;
				GCC_WARN_UNINITIALIZED_AUTOS = YES_AGGRESSIVE;
				GCC_WARN_UNUSED_FUNCTION = YES;
				GCC_WARN_UNUSED_VARIABLE = YES;
				IPHONEOS_DEPLOYMENT_TARGET = 15.5;
				MTL_ENABLE_DEBUG_INFO = INCLUDE_SOURCE;
				MTL_FAST_MATH = YES;
				ONLY_ACTIVE_ARCH = YES;
				SDKROOT = iphoneos;
				SWIFT_ACTIVE_COMPILATION_CONDITIONS = DEBUG;
				SWIFT_OPTIMIZATION_LEVEL = "-Onone";
			};
			name = Debug;
		};
		BA6FEB38290813CE00B0F06E /* Release */ = {
			isa = XCBuildConfiguration;
			buildSettings = {
				ALWAYS_SEARCH_USER_PATHS = NO;
				CLANG_ANALYZER_NONNULL = YES;
				CLANG_ANALYZER_NUMBER_OBJECT_CONVERSION = YES_AGGRESSIVE;
				CLANG_CXX_LANGUAGE_STANDARD = "gnu++17";
				CLANG_ENABLE_MODULES = YES;
				CLANG_ENABLE_OBJC_ARC = YES;
				CLANG_ENABLE_OBJC_WEAK = YES;
				CLANG_WARN_BLOCK_CAPTURE_AUTORELEASING = YES;
				CLANG_WARN_BOOL_CONVERSION = YES;
				CLANG_WARN_COMMA = YES;
				CLANG_WARN_CONSTANT_CONVERSION = YES;
				CLANG_WARN_DEPRECATED_OBJC_IMPLEMENTATIONS = YES;
				CLANG_WARN_DIRECT_OBJC_ISA_USAGE = YES_ERROR;
				CLANG_WARN_DOCUMENTATION_COMMENTS = YES;
				CLANG_WARN_EMPTY_BODY = YES;
				CLANG_WARN_ENUM_CONVERSION = YES;
				CLANG_WARN_INFINITE_RECURSION = YES;
				CLANG_WARN_INT_CONVERSION = YES;
				CLANG_WARN_NON_LITERAL_NULL_CONVERSION = YES;
				CLANG_WARN_OBJC_IMPLICIT_RETAIN_SELF = YES;
				CLANG_WARN_OBJC_LITERAL_CONVERSION = YES;
				CLANG_WARN_OBJC_ROOT_CLASS = YES_ERROR;
				CLANG_WARN_QUOTED_INCLUDE_IN_FRAMEWORK_HEADER = YES;
				CLANG_WARN_RANGE_LOOP_ANALYSIS = YES;
				CLANG_WARN_STRICT_PROTOTYPES = YES;
				CLANG_WARN_SUSPICIOUS_MOVE = YES;
				CLANG_WARN_UNGUARDED_AVAILABILITY = YES_AGGRESSIVE;
				CLANG_WARN_UNREACHABLE_CODE = YES;
				CLANG_WARN__DUPLICATE_METHOD_MATCH = YES;
				COPY_PHASE_STRIP = NO;
				DEBUG_INFORMATION_FORMAT = "dwarf-with-dsym";
				ENABLE_NS_ASSERTIONS = NO;
				ENABLE_STRICT_OBJC_MSGSEND = YES;
				GCC_C_LANGUAGE_STANDARD = gnu11;
				GCC_NO_COMMON_BLOCKS = YES;
				GCC_WARN_64_TO_32_BIT_CONVERSION = YES;
				GCC_WARN_ABOUT_RETURN_TYPE = YES_ERROR;
				GCC_WARN_UNDECLARED_SELECTOR = YES;
				GCC_WARN_UNINITIALIZED_AUTOS = YES_AGGRESSIVE;
				GCC_WARN_UNUSED_FUNCTION = YES;
				GCC_WARN_UNUSED_VARIABLE = YES;
				IPHONEOS_DEPLOYMENT_TARGET = 15.5;
				MTL_ENABLE_DEBUG_INFO = NO;
				MTL_FAST_MATH = YES;
				SDKROOT = iphoneos;
				SWIFT_COMPILATION_MODE = wholemodule;
				SWIFT_OPTIMIZATION_LEVEL = "-O";
				VALIDATE_PRODUCT = YES;
			};
			name = Release;
		};
		BA6FEB3A290813CE00B0F06E /* Debug */ = {
			isa = XCBuildConfiguration;
			buildSettings = {
				ASSETCATALOG_COMPILER_APPICON_NAME = AppIcon;
				ASSETCATALOG_COMPILER_GLOBAL_ACCENT_COLOR_NAME = AccentColor;
				CODE_SIGN_STYLE = Automatic;
				CURRENT_PROJECT_VERSION = 1;
				GENERATE_INFOPLIST_FILE = YES;
				INFOPLIST_FILE = instaClone/Info.plist;
				INFOPLIST_KEY_UIApplicationSupportsIndirectInputEvents = YES;
				INFOPLIST_KEY_UILaunchStoryboardName = LaunchScreen;
				INFOPLIST_KEY_UIMainStoryboardFile = Main;
				INFOPLIST_KEY_UISupportedInterfaceOrientations_iPad = "UIInterfaceOrientationPortrait UIInterfaceOrientationPortraitUpsideDown UIInterfaceOrientationLandscapeLeft UIInterfaceOrientationLandscapeRight";
				INFOPLIST_KEY_UISupportedInterfaceOrientations_iPhone = "UIInterfaceOrientationPortrait UIInterfaceOrientationLandscapeLeft UIInterfaceOrientationLandscapeRight";
				LD_RUNPATH_SEARCH_PATHS = (
					"$(inherited)",
					"@executable_path/Frameworks",
				);
				MARKETING_VERSION = 1.0;
				PRODUCT_BUNDLE_IDENTIFIER = mycompany.instaClone;
				PRODUCT_NAME = "$(TARGET_NAME)";
				SWIFT_EMIT_LOC_STRINGS = YES;
				SWIFT_VERSION = 5.0;
				TARGETED_DEVICE_FAMILY = "1,2";
			};
			name = Debug;
		};
		BA6FEB3B290813CE00B0F06E /* Release */ = {
			isa = XCBuildConfiguration;
			buildSettings = {
				ASSETCATALOG_COMPILER_APPICON_NAME = AppIcon;
				ASSETCATALOG_COMPILER_GLOBAL_ACCENT_COLOR_NAME = AccentColor;
				CODE_SIGN_STYLE = Automatic;
				CURRENT_PROJECT_VERSION = 1;
				GENERATE_INFOPLIST_FILE = YES;
				INFOPLIST_FILE = instaClone/Info.plist;
				INFOPLIST_KEY_UIApplicationSupportsIndirectInputEvents = YES;
				INFOPLIST_KEY_UILaunchStoryboardName = LaunchScreen;
				INFOPLIST_KEY_UIMainStoryboardFile = Main;
				INFOPLIST_KEY_UISupportedInterfaceOrientations_iPad = "UIInterfaceOrientationPortrait UIInterfaceOrientationPortraitUpsideDown UIInterfaceOrientationLandscapeLeft UIInterfaceOrientationLandscapeRight";
				INFOPLIST_KEY_UISupportedInterfaceOrientations_iPhone = "UIInterfaceOrientationPortrait UIInterfaceOrientationLandscapeLeft UIInterfaceOrientationLandscapeRight";
				LD_RUNPATH_SEARCH_PATHS = (
					"$(inherited)",
					"@executable_path/Frameworks",
				);
				MARKETING_VERSION = 1.0;
				PRODUCT_BUNDLE_IDENTIFIER = mycompany.instaClone;
				PRODUCT_NAME = "$(TARGET_NAME)";
				SWIFT_EMIT_LOC_STRINGS = YES;
				SWIFT_VERSION = 5.0;
				TARGETED_DEVICE_FAMILY = "1,2";
			};
			name = Release;
		};
/* End XCBuildConfiguration section */

/* Begin XCConfigurationList section */
		BA6FEB1D290813CB00B0F06E /* Build configuration list for PBXProject "instaClone" */ = {
			isa = XCConfigurationList;
			buildConfigurations = (
				BA6FEB37290813CE00B0F06E /* Debug */,
				BA6FEB38290813CE00B0F06E /* Release */,
			);
			defaultConfigurationIsVisible = 0;
			defaultConfigurationName = Release;
		};
		BA6FEB39290813CE00B0F06E /* Build configuration list for PBXNativeTarget "instaClone" */ = {
			isa = XCConfigurationList;
			buildConfigurations = (
				BA6FEB3A290813CE00B0F06E /* Debug */,
				BA6FEB3B290813CE00B0F06E /* Release */,
			);
			defaultConfigurationIsVisible = 0;
			defaultConfigurationName = Release;
		};
/* End XCConfigurationList section */

/* Begin XCRemoteSwiftPackageReference section */
		BA6FEB3E2908152400B0F06E /* XCRemoteSwiftPackageReference "firebase-ios-sdk" */ = {
			isa = XCRemoteSwiftPackageReference;
			repositoryURL = "https://github.com/firebase/firebase-ios-sdk";
			requirement = {
				kind = upToNextMajorVersion;
				minimumVersion = 9.0.0;
			};
		};
/* End XCRemoteSwiftPackageReference section */

/* Begin XCSwiftPackageProductDependency section */
		BA6FEB3F2908152400B0F06E /* FirebaseAnalytics */ = {
			isa = XCSwiftPackageProductDependency;
			package = BA6FEB3E2908152400B0F06E /* XCRemoteSwiftPackageReference "firebase-ios-sdk" */;
			productName = FirebaseAnalytics;
		};
		BA6FEB412908152400B0F06E /* FirebaseAuth */ = {
			isa = XCSwiftPackageProductDependency;
			package = BA6FEB3E2908152400B0F06E /* XCRemoteSwiftPackageReference "firebase-ios-sdk" */;
			productName = FirebaseAuth;
		};
		BA6FEB432908152400B0F06E /* FirebaseFirestore */ = {
			isa = XCSwiftPackageProductDependency;
			package = BA6FEB3E2908152400B0F06E /* XCRemoteSwiftPackageReference "firebase-ios-sdk" */;
			productName = FirebaseFirestore;
		};
		BA6FEB452908152400B0F06E /* FirebaseStorage */ = {
			isa = XCSwiftPackageProductDependency;
			package = BA6FEB3E2908152400B0F06E /* XCRemoteSwiftPackageReference "firebase-ios-sdk" */;
			productName = FirebaseStorage;
		};
/* End XCSwiftPackageProductDependency section */

/* Begin XCVersionGroup section */
		BA6FEB2E290813CC00B0F06E /* instaClone.xcdatamodeld */ = {
			isa = XCVersionGroup;
			children = (
				BA6FEB2F290813CC00B0F06E /* instaClone.xcdatamodel */,
			);
			currentVersion = BA6FEB2F290813CC00B0F06E /* instaClone.xcdatamodel */;
			path = instaClone.xcdatamodeld;
			sourceTree = "<group>";
			versionGroupType = wrapper.xcdatamodel;
		};
/* End XCVersionGroup section */
	};
	rootObject = BA6FEB1A290813CB00B0F06E /* Project object */;
}
